{
  "originHash" : "75e34f7273c475d1a4e199043bad27dc557d5ff5e256e128cb6bd4dda6a548db",
  "pins" : [
    {
      "identity" : "mpvkit",
      "kind" : "remoteSourceControl",
      "location" : "https://github.com/mpvkit/MPVKit",
      "state" : {
        "revision" : "613c0ccc3acf70e136aaff880a9b5fe8fdfaf5b8"
      }
    }
  ],
  "version" : 3
}
